
Microsoft Visual Studio Solution File, Format Version 12.00
# Visual Studio 2012
Project("{FAE04EC0-301F-11D3-BF4B-00C04F79EFBC}") = "FlexiTableApp", "FlexiTableApp\FlexiTableApp.csproj", "{D99BFE73-55AB-4F4F-81B0-84C0E0FCB9C3}"
EndProject
Global
	GlobalSection(SolutionConfigurationPlatforms) = preSolution
		Debug|iPhoneSimulator = Debug|iPhoneSimulator
		Release|iPhone = Release|iPhone
		Release|iPhoneSimulator = Release|iPhoneSimulator
		Debug|iPhone = Debug|iPhone
	EndGlobalSection
	GlobalSection(ProjectConfigurationPlatforms) = postSolution
		{D99BFE73-55AB-4F4F-81B0-84C0E0FCB9C3}.Debug|iPhoneSimulator.ActiveCfg = Debug|iPhoneSimulator
		{D99BFE73-55AB-4F4F-81B0-84C0E0FCB9C3}.Debug|iPhoneSimulator.Build.0 = Debug|iPhoneSimulator
		{D99BFE73-55AB-4F4F-81B0-84C0E0FCB9C3}.Release|iPhone.ActiveCfg = Release|iPhone
		{D99BFE73-55AB-4F4F-81B0-84C0E0FCB9C3}.Release|iPhone.Build.0 = Release|iPhone
		{D99BFE73-55AB-4F4F-81B0-84C0E0FCB9C3}.Release|iPhoneSimulator.ActiveCfg = Release|iPhoneSimulator
		{D99BFE73-55AB-4F4F-81B0-84C0E0FCB9C3}.Release|iPhoneSimulator.Build.0 = Release|iPhoneSimulator
		{D99BFE73-55AB-4F4F-81B0-84C0E0FCB9C3}.Debug|iPhone.ActiveCfg = Debug|iPhone
		{D99BFE73-55AB-4F4F-81B0-84C0E0FCB9C3}.Debug|iPhone.Build.0 = Debug|iPhone
	EndGlobalSection
EndGlobal
